
Microsoft Visual Studio Solution File, Format Version 12.00
# Visual Studio Version 17
VisualStudioVersion = 17.1.32319.34
MinimumVisualStudioVersion = 10.0.40219.1
Project("{9A19103F-16F7-4668-BE54-9A1E7A4F7556}") = "WebTask", "WebTask\WebTask.csproj", "{122B1195-FBBE-4BCB-AB8D-58FE9C755D17}"
EndProject
Project("{FAE04EC0-301F-11D3-BF4B-00C04F79EFBC}") = "EmployeeDemo", "EmployeeDemo\EmployeeDemo.csproj", "{9C795FEF-6614-48C4-823D-B0AA44E30E11}"
EndProject
Global
	GlobalSection(SolutionConfigurationPlatforms) = preSolution
		Debug|Any CPU = Debug|Any CPU
		Release|Any CPU = Release|Any CPU
	EndGlobalSection
	GlobalSection(ProjectConfigurationPlatforms) = postSolution
		{122B1195-FBBE-4BCB-AB8D-58FE9C755D17}.Debug|Any CPU.ActiveCfg = Debug|Any CPU
		{122B1195-FBBE-4BCB-AB8D-58FE9C755D17}.Debug|Any CPU.Build.0 = Debug|Any CPU
		{122B1195-FBBE-4BCB-AB8D-58FE9C755D17}.Release|Any CPU.ActiveCfg = Release|Any CPU
		{122B1195-FBBE-4BCB-AB8D-58FE9C755D17}.Release|Any CPU.Build.0 = Release|Any CPU
		{9C795FEF-6614-48C4-823D-B0AA44E30E11}.Debug|Any CPU.ActiveCfg = Debug|Any CPU
		{9C795FEF-6614-48C4-823D-B0AA44E30E11}.Debug|Any CPU.Build.0 = Debug|Any CPU
		{9C795FEF-6614-48C4-823D-B0AA44E30E11}.Release|Any CPU.ActiveCfg = Release|Any CPU
		{9C795FEF-6614-48C4-823D-B0AA44E30E11}.Release|Any CPU.Build.0 = Release|Any CPU
	EndGlobalSection
	GlobalSection(SolutionProperties) = preSolution
		HideSolutionNode = FALSE
	EndGlobalSection
	GlobalSection(ExtensibilityGlobals) = postSolution
		SolutionGuid = {6AB819A0-4E1A-4CB0-91C6-D080211E02BE}
	EndGlobalSection
EndGlobal
